{
    "name": "canvas-components",
    "version": "1.0.0",
    "lockfileVersion": 2,
    "requires": true,
    "packages": {
        "": {
            "name": "canvas-components",
            "version": "1.0.0",
            "license": "MIT",
            "dependencies": {
                "chalk": "^5.1.2",
                "clean-css": "^5.3.1",
                "glob": "^8.0.3",
                "html-minifier": "^4.0.0",
                "node-html-parser": "^6.1.1",
                "uglify-js": "^3.17.4",
                "yaml": "^2.1.3"
            }
        },
        "node_modules/balanced-match": {
            "version": "1.0.2",
            "resolved": "https://registry.npmjs.org/balanced-match/-/balanced-match-1.0.2.tgz",
            "integrity": "sha512-3oSeUO0TMV67hN1AmbXsK4yaqU7tjiHlbxRDZOpH0KW9+CeX4bRAaX0Anxt0tx2MrpRpWwQaPwIlISEJhYU5Pw=="
        },
        "node_modules/boolbase": {
            "version": "1.0.0",
            "resolved": "https://registry.npmjs.org/boolbase/-/boolbase-1.0.0.tgz",
            "integrity": "sha512-JZOSA7Mo9sNGB8+UjSgzdLtokWAky1zbztM3WRLCbZ70/3cTANmQmOdR7y2g+J0e2WXywy1yS468tY+IruqEww=="
        },
        "node_modules/brace-expansion": {
            "version": "2.0.1",
            "resolved": "https://registry.npmjs.org/brace-expansion/-/brace-expansion-2.0.1.tgz",
            "integrity": "sha512-XnAIvQ8eM+kC6aULx6wuQiwVsnzsi9d3WxzV3FpWTGA19F621kwdbsAcFKXgKUHZWsy+mY6iL1sHTxWEFCytDA==",
            "dependencies": {
                "balanced-match": "^1.0.0"
            }
        },
        "node_modules/camel-case": {
            "version": "3.0.0",
            "resolved": "https://registry.npmjs.org/camel-case/-/camel-case-3.0.0.tgz",
            "integrity": "sha512-+MbKztAYHXPr1jNTSKQF52VpcFjwY5RkR7fxksV8Doo4KAYc5Fl4UJRgthBbTmEx8C54DqahhbLJkDwjI3PI/w==",
            "dependencies": {
                "no-case": "^2.2.0",
                "upper-case": "^1.1.1"
            }
        },
        "node_modules/chalk": {
            "version": "5.1.2",
            "resolved": "https://registry.npmjs.org/chalk/-/chalk-5.1.2.tgz",
            "integrity": "sha512-E5CkT4jWURs1Vy5qGJye+XwCkNj7Od3Af7CP6SujMetSMkLs8Do2RWJK5yx1wamHV/op8Rz+9rltjaTQWDnEFQ==",
            "engines": {
                "node": "^12.17.0 || ^14.13 || >=16.0.0"
            },
            "funding": {
                "url": "https://github.com/chalk/chalk?sponsor=1"
            }
        },
        "node_modules/clean-css": {
            "version": "5.3.1",
            "resolved": "https://registry.npmjs.org/clean-css/-/clean-css-5.3.1.tgz",
            "integrity": "sha512-lCr8OHhiWCTw4v8POJovCoh4T7I9U11yVsPjMWWnnMmp9ZowCxyad1Pathle/9HjaDp+fdQKjO9fQydE6RHTZg==",
            "dependencies": {
                "source-map": "~0.6.0"
            },
            "engines": {
                "node": ">= 10.0"
            }
        },
        "node_modules/commander": {
            "version": "2.20.3",
            "resolved": "https://registry.npmjs.org/commander/-/commander-2.20.3.tgz",
            "integrity": "sha512-GpVkmM8vF2vQUkj2LvZmD35JxeJOLCwJ9cUkugyk2nuhbv3+mJvpLYYt+0+USMxE+oj+ey/lJEnhZw75x/OMcQ=="
        },
        "node_modules/css-select": {
            "version": "5.1.0",
            "resolved": "https://registry.npmjs.org/css-select/-/css-select-5.1.0.tgz",
            "integrity": "sha512-nwoRF1rvRRnnCqqY7updORDsuqKzqYJ28+oSMaJMMgOauh3fvwHqMS7EZpIPqK8GL+g9mKxF1vP/ZjSeNjEVHg==",
            "dependencies": {
                "boolbase": "^1.0.0",
                "css-what": "^6.1.0",
                "domhandler": "^5.0.2",
                "domutils": "^3.0.1",
                "nth-check": "^2.0.1"
            },
            "funding": {
                "url": "https://github.com/sponsors/fb55"
            }
        },
        "node_modules/css-what": {
            "version": "6.1.0",
            "resolved": "https://registry.npmjs.org/css-what/-/css-what-6.1.0.tgz",
            "integrity": "sha512-HTUrgRJ7r4dsZKU6GjmpfRK1O76h97Z8MfS1G0FozR+oF2kG6Vfe8JE6zwrkbxigziPHinCJ+gCPjA9EaBDtRw==",
            "engines": {
                "node": ">= 6"
            },
            "funding": {
                "url": "https://github.com/sponsors/fb55"
            }
        },
        "node_modules/dom-serializer": {
            "version": "2.0.0",
            "resolved": "https://registry.npmjs.org/dom-serializer/-/dom-serializer-2.0.0.tgz",
            "integrity": "sha512-wIkAryiqt/nV5EQKqQpo3SToSOV9J0DnbJqwK7Wv/Trc92zIAYZ4FlMu+JPFW1DfGFt81ZTCGgDEabffXeLyJg==",
            "dependencies": {
                "domelementtype": "^2.3.0",
                "domhandler": "^5.0.2",
                "entities": "^4.2.0"
            },
            "funding": {
                "url": "https://github.com/cheeriojs/dom-serializer?sponsor=1"
            }
        },
        "node_modules/domelementtype": {
            "version": "2.3.0",
            "resolved": "https://registry.npmjs.org/domelementtype/-/domelementtype-2.3.0.tgz",
            "integrity": "sha512-OLETBj6w0OsagBwdXnPdN0cnMfF9opN69co+7ZrbfPGrdpPVNBUj02spi6B1N7wChLQiPn4CSH/zJvXw56gmHw==",
            "funding": [
                {
                    "type": "github",
                    "url": "https://github.com/sponsors/fb55"
                }
            ]
        },
        "node_modules/domhandler": {
            "version": "5.0.3",
            "resolved": "https://registry.npmjs.org/domhandler/-/domhandler-5.0.3.tgz",
            "integrity": "sha512-cgwlv/1iFQiFnU96XXgROh8xTeetsnJiDsTc7TYCLFd9+/WNkIqPTxiM/8pSd8VIrhXGTf1Ny1q1hquVqDJB5w==",
            "dependencies": {
                "domelementtype": "^2.3.0"
            },
            "engines": {
                "node": ">= 4"
            },
            "funding": {
                "url": "https://github.com/fb55/domhandler?sponsor=1"
            }
        },
        "node_modules/domutils": {
            "version": "3.0.1",
            "resolved": "https://registry.npmjs.org/domutils/-/domutils-3.0.1.tgz",
            "integrity": "sha512-z08c1l761iKhDFtfXO04C7kTdPBLi41zwOZl00WS8b5eiaebNpY00HKbztwBq+e3vyqWNwWF3mP9YLUeqIrF+Q==",
            "dependencies": {
                "dom-serializer": "^2.0.0",
                "domelementtype": "^2.3.0",
                "domhandler": "^5.0.1"
            },
            "funding": {
                "url": "https://github.com/fb55/domutils?sponsor=1"
            }
        },
        "node_modules/entities": {
            "version": "4.4.0",
            "resolved": "https://registry.npmjs.org/entities/-/entities-4.4.0.tgz",
            "integrity": "sha512-oYp7156SP8LkeGD0GF85ad1X9Ai79WtRsZ2gxJqtBuzH+98YUV6jkHEKlZkMbcrjJjIVJNIDP/3WL9wQkoPbWA==",
            "engines": {
                "node": ">=0.12"
            },
            "funding": {
                "url": "https://github.com/fb55/entities?sponsor=1"
            }
        },
        "node_modules/fs.realpath": {
            "version": "1.0.0",
            "resolved": "https://registry.npmjs.org/fs.realpath/-/fs.realpath-1.0.0.tgz",
            "integrity": "sha512-OO0pH2lK6a0hZnAdau5ItzHPI6pUlvI7jMVnxUQRtw4owF2wk8lOSabtGDCTP4Ggrg2MbGnWO9X8K1t4+fGMDw=="
        },
        "node_modules/glob": {
            "version": "8.0.3",
            "resolved": "https://registry.npmjs.org/glob/-/glob-8.0.3.tgz",
            "integrity": "sha512-ull455NHSHI/Y1FqGaaYFaLGkNMMJbavMrEGFXG/PGrg6y7sutWHUHrz6gy6WEBH6akM1M414dWKCNs+IhKdiQ==",
            "dependencies": {
                "fs.realpath": "^1.0.0",
                "inflight": "^1.0.4",
                "inherits": "2",
                "minimatch": "^5.0.1",
                "once": "^1.3.0"
            },
            "engines": {
                "node": ">=12"
            },
            "funding": {
                "url": "https://github.com/sponsors/isaacs"
            }
        },
        "node_modules/he": {
            "version": "1.2.0",
            "resolved": "https://registry.npmjs.org/he/-/he-1.2.0.tgz",
            "integrity": "sha512-F/1DnUGPopORZi0ni+CvrCgHQ5FyEAHRLSApuYWMmrbSwoN2Mn/7k+Gl38gJnR7yyDZk6WLXwiGod1JOWNDKGw==",
            "bin": {
                "he": "bin/he"
            }
        },
        "node_modules/html-minifier": {
            "version": "4.0.0",
            "resolved": "https://registry.npmjs.org/html-minifier/-/html-minifier-4.0.0.tgz",
            "integrity": "sha512-aoGxanpFPLg7MkIl/DDFYtb0iWz7jMFGqFhvEDZga6/4QTjneiD8I/NXL1x5aaoCp7FSIT6h/OhykDdPsbtMig==",
            "dependencies": {
                "camel-case": "^3.0.0",
                "clean-css": "^4.2.1",
                "commander": "^2.19.0",
                "he": "^1.2.0",
                "param-case": "^2.1.1",
                "relateurl": "^0.2.7",
                "uglify-js": "^3.5.1"
            },
            "bin": {
                "html-minifier": "cli.js"
            },
            "engines": {
                "node": ">=6"
            }
        },
        "node_modules/html-minifier/node_modules/clean-css": {
            "version": "4.2.4",
            "resolved": "https://registry.npmjs.org/clean-css/-/clean-css-4.2.4.tgz",
            "integrity": "sha512-EJUDT7nDVFDvaQgAo2G/PJvxmp1o/c6iXLbswsBbUFXi1Nr+AjA2cKmfbKDMjMvzEe75g3P6JkaDDAKk96A85A==",
            "dependencies": {
                "source-map": "~0.6.0"
            },
            "engines": {
                "node": ">= 4.0"
            }
        },
        "node_modules/inflight": {
            "version": "1.0.6",
            "resolved": "https://registry.npmjs.org/inflight/-/inflight-1.0.6.tgz",
            "integrity": "sha512-k92I/b08q4wvFscXCLvqfsHCrjrF7yiXsQuIVvVE7N82W3+aqpzuUdBbfhWcy/FZR3/4IgflMgKLOsvPDrGCJA==",
            "dependencies": {
                "once": "^1.3.0",
                "wrappy": "1"
            }
        },
        "node_modules/inherits": {
            "version": "2.0.4",
            "resolved": "https://registry.npmjs.org/inherits/-/inherits-2.0.4.tgz",
            "integrity": "sha512-k/vGaX4/Yla3WzyMCvTQOXYeIHvqOKtnqBduzTHpzpQZzAskKMhZ2K+EnBiSM9zGSoIFeMpXKxa4dYeZIQqewQ=="
        },
        "node_modules/lower-case": {
            "version": "1.1.4",
            "resolved": "https://registry.npmjs.org/lower-case/-/lower-case-1.1.4.tgz",
            "integrity": "sha512-2Fgx1Ycm599x+WGpIYwJOvsjmXFzTSc34IwDWALRA/8AopUKAVPwfJ+h5+f85BCp0PWmmJcWzEpxOpoXycMpdA=="
        },
        "node_modules/minimatch": {
            "version": "5.1.0",
            "resolved": "https://registry.npmjs.org/minimatch/-/minimatch-5.1.0.tgz",
            "integrity": "sha512-9TPBGGak4nHfGZsPBohm9AWg6NoT7QTCehS3BIJABslyZbzxfV78QM2Y6+i741OPZIafFAaiiEMh5OyIrJPgtg==",
            "dependencies": {
                "brace-expansion": "^2.0.1"
            },
            "engines": {
                "node": ">=10"
            }
        },
        "node_modules/no-case": {
            "version": "2.3.2",
            "resolved": "https://registry.npmjs.org/no-case/-/no-case-2.3.2.tgz",
            "integrity": "sha512-rmTZ9kz+f3rCvK2TD1Ue/oZlns7OGoIWP4fc3llxxRXlOkHKoWPPWJOfFYpITabSow43QJbRIoHQXtt10VldyQ==",
            "dependencies": {
                "lower-case": "^1.1.1"
            }
        },
        "node_modules/node-html-parser": {
            "version": "6.1.1",
            "resolved": "https://registry.npmjs.org/node-html-parser/-/node-html-parser-6.1.1.tgz",
            "integrity": "sha512-eYYblUeoMg0nR6cYGM4GRb1XncNa9FXEftuKAU1qyMIr6rXVtNyUKduvzZtkqFqSHVByq2lLjC7WO8tz7VDmnA==",
            "dependencies": {
                "css-select": "^5.1.0",
                "he": "1.2.0"
            }
        },
        "node_modules/nth-check": {
            "version": "2.1.1",
            "resolved": "https://registry.npmjs.org/nth-check/-/nth-check-2.1.1.tgz",
            "integrity": "sha512-lqjrjmaOoAnWfMmBPL+XNnynZh2+swxiX3WUE0s4yEHI6m+AwrK2UZOimIRl3X/4QctVqS8AiZjFqyOGrMXb/w==",
            "dependencies": {
                "boolbase": "^1.0.0"
            },
            "funding": {
                "url": "https://github.com/fb55/nth-check?sponsor=1"
            }
        },
        "node_modules/once": {
            "version": "1.4.0",
            "resolved": "https://registry.npmjs.org/once/-/once-1.4.0.tgz",
            "integrity": "sha512-lNaJgI+2Q5URQBkccEKHTQOPaXdUxnZZElQTZY0MFUAuaEqe1E+Nyvgdz/aIyNi6Z9MzO5dv1H8n58/GELp3+w==",
            "dependencies": {
                "wrappy": "1"
            }
        },
        "node_modules/param-case": {
            "version": "2.1.1",
            "resolved": "https://registry.npmjs.org/param-case/-/param-case-2.1.1.tgz",
            "integrity": "sha512-eQE845L6ot89sk2N8liD8HAuH4ca6Vvr7VWAWwt7+kvvG5aBcPmmphQ68JsEG2qa9n1TykS2DLeMt363AAH8/w==",
            "dependencies": {
                "no-case": "^2.2.0"
            }
        },
        "node_modules/relateurl": {
            "version": "0.2.7",
            "resolved": "https://registry.npmjs.org/relateurl/-/relateurl-0.2.7.tgz",
            "integrity": "sha512-G08Dxvm4iDN3MLM0EsP62EDV9IuhXPR6blNz6Utcp7zyV3tr4HVNINt6MpaRWbxoOHT3Q7YN2P+jaHX8vUbgog==",
            "engines": {
                "node": ">= 0.10"
            }
        },
        "node_modules/source-map": {
            "version": "0.6.1",
            "resolved": "https://registry.npmjs.org/source-map/-/source-map-0.6.1.tgz",
            "integrity": "sha512-UjgapumWlbMhkBgzT7Ykc5YXUT46F0iKu8SGXq0bcwP5dz/h0Plj6enJqjz1Zbq2l5WaqYnrVbwWOWMyF3F47g==",
            "engines": {
                "node": ">=0.10.0"
            }
        },
        "node_modules/uglify-js": {
            "version": "3.17.4",
            "resolved": "https://registry.npmjs.org/uglify-js/-/uglify-js-3.17.4.tgz",
            "integrity": "sha512-T9q82TJI9e/C1TAxYvfb16xO120tMVFZrGA3f9/P4424DNu6ypK103y0GPFVa17yotwSyZW5iYXgjYHkGrJW/g==",
            "bin": {
                "uglifyjs": "bin/uglifyjs"
            },
            "engines": {
                "node": ">=0.8.0"
            }
        },
        "node_modules/upper-case": {
            "version": "1.1.3",
            "resolved": "https://registry.npmjs.org/upper-case/-/upper-case-1.1.3.tgz",
            "integrity": "sha512-WRbjgmYzgXkCV7zNVpy5YgrHgbBv126rMALQQMrmzOVC4GM2waQ9x7xtm8VU+1yF2kWyPzI9zbZ48n4vSxwfSA=="
        },
        "node_modules/wrappy": {
            "version": "1.0.2",
            "resolved": "https://registry.npmjs.org/wrappy/-/wrappy-1.0.2.tgz",
            "integrity": "sha512-l4Sp/DRseor9wL6EvV2+TuQn63dMkPjZ/sp9XkghTEbV9KlPS1xUsZ3u7/IQO4wxtcFB4bgpQPRcR3QCvezPcQ=="
        },
        "node_modules/yaml": {
            "version": "2.1.3",
            "resolved": "https://registry.npmjs.org/yaml/-/yaml-2.1.3.tgz",
            "integrity": "sha512-AacA8nRULjKMX2DvWvOAdBZMOfQlypSFkjcOcu9FalllIDJ1kvlREzcdIZmidQUqqeMv7jorHjq2HlLv/+c2lg==",
            "engines": {
                "node": ">= 14"
            }
        }
    },
    "dependencies": {
        "balanced-match": {
            "version": "1.0.2",
            "resolved": "https://registry.npmjs.org/balanced-match/-/balanced-match-1.0.2.tgz",
            "integrity": "sha512-3oSeUO0TMV67hN1AmbXsK4yaqU7tjiHlbxRDZOpH0KW9+CeX4bRAaX0Anxt0tx2MrpRpWwQaPwIlISEJhYU5Pw=="
        },
        "boolbase": {
            "version": "1.0.0",
            "resolved": "https://registry.npmjs.org/boolbase/-/boolbase-1.0.0.tgz",
            "integrity": "sha512-JZOSA7Mo9sNGB8+UjSgzdLtokWAky1zbztM3WRLCbZ70/3cTANmQmOdR7y2g+J0e2WXywy1yS468tY+IruqEww=="
        },
        "brace-expansion": {
            "version": "2.0.1",
            "resolved": "https://registry.npmjs.org/brace-expansion/-/brace-expansion-2.0.1.tgz",
            "integrity": "sha512-XnAIvQ8eM+kC6aULx6wuQiwVsnzsi9d3WxzV3FpWTGA19F621kwdbsAcFKXgKUHZWsy+mY6iL1sHTxWEFCytDA==",
            "requires": {
                "balanced-match": "^1.0.0"
            }
        },
        "camel-case": {
            "version": "3.0.0",
            "resolved": "https://registry.npmjs.org/camel-case/-/camel-case-3.0.0.tgz",
            "integrity": "sha512-+MbKztAYHXPr1jNTSKQF52VpcFjwY5RkR7fxksV8Doo4KAYc5Fl4UJRgthBbTmEx8C54DqahhbLJkDwjI3PI/w==",
            "requires": {
                "no-case": "^2.2.0",
                "upper-case": "^1.1.1"
            }
        },
        "chalk": {
            "version": "5.1.2",
            "resolved": "https://registry.npmjs.org/chalk/-/chalk-5.1.2.tgz",
            "integrity": "sha512-E5CkT4jWURs1Vy5qGJye+XwCkNj7Od3Af7CP6SujMetSMkLs8Do2RWJK5yx1wamHV/op8Rz+9rltjaTQWDnEFQ=="
        },
        "clean-css": {
            "version": "5.3.1",
            "resolved": "https://registry.npmjs.org/clean-css/-/clean-css-5.3.1.tgz",
            "integrity": "sha512-lCr8OHhiWCTw4v8POJovCoh4T7I9U11yVsPjMWWnnMmp9ZowCxyad1Pathle/9HjaDp+fdQKjO9fQydE6RHTZg==",
            "requires": {
                "source-map": "~0.6.0"
            }
        },
        "commander": {
            "version": "2.20.3",
            "resolved": "https://registry.npmjs.org/commander/-/commander-2.20.3.tgz",
            "integrity": "sha512-GpVkmM8vF2vQUkj2LvZmD35JxeJOLCwJ9cUkugyk2nuhbv3+mJvpLYYt+0+USMxE+oj+ey/lJEnhZw75x/OMcQ=="
        },
        "css-select": {
            "version": "5.1.0",
            "resolved": "https://registry.npmjs.org/css-select/-/css-select-5.1.0.tgz",
            "integrity": "sha512-nwoRF1rvRRnnCqqY7updORDsuqKzqYJ28+oSMaJMMgOauh3fvwHqMS7EZpIPqK8GL+g9mKxF1vP/ZjSeNjEVHg==",
            "requires": {
                "boolbase": "^1.0.0",
                "css-what": "^6.1.0",
                "domhandler": "^5.0.2",
                "domutils": "^3.0.1",
                "nth-check": "^2.0.1"
            }
        },
        "css-what": {
            "version": "6.1.0",
            "resolved": "https://registry.npmjs.org/css-what/-/css-what-6.1.0.tgz",
            "integrity": "sha512-HTUrgRJ7r4dsZKU6GjmpfRK1O76h97Z8MfS1G0FozR+oF2kG6Vfe8JE6zwrkbxigziPHinCJ+gCPjA9EaBDtRw=="
        },
        "dom-serializer": {
            "version": "2.0.0",
            "resolved": "https://registry.npmjs.org/dom-serializer/-/dom-serializer-2.0.0.tgz",
            "integrity": "sha512-wIkAryiqt/nV5EQKqQpo3SToSOV9J0DnbJqwK7Wv/Trc92zIAYZ4FlMu+JPFW1DfGFt81ZTCGgDEabffXeLyJg==",
            "requires": {
                "domelementtype": "^2.3.0",
                "domhandler": "^5.0.2",
                "entities": "^4.2.0"
            }
        },
        "domelementtype": {
            "version": "2.3.0",
            "resolved": "https://registry.npmjs.org/domelementtype/-/domelementtype-2.3.0.tgz",
            "integrity": "sha512-OLETBj6w0OsagBwdXnPdN0cnMfF9opN69co+7ZrbfPGrdpPVNBUj02spi6B1N7wChLQiPn4CSH/zJvXw56gmHw=="
        },
        "domhandler": {
            "version": "5.0.3",
            "resolved": "https://registry.npmjs.org/domhandler/-/domhandler-5.0.3.tgz",
            "integrity": "sha512-cgwlv/1iFQiFnU96XXgROh8xTeetsnJiDsTc7TYCLFd9+/WNkIqPTxiM/8pSd8VIrhXGTf1Ny1q1hquVqDJB5w==",
            "requires": {
                "domelementtype": "^2.3.0"
            }
        },
        "domutils": {
            "version": "3.0.1",
            "resolved": "https://registry.npmjs.org/domutils/-/domutils-3.0.1.tgz",
            "integrity": "sha512-z08c1l761iKhDFtfXO04C7kTdPBLi41zwOZl00WS8b5eiaebNpY00HKbztwBq+e3vyqWNwWF3mP9YLUeqIrF+Q==",
            "requires": {
                "dom-serializer": "^2.0.0",
                "domelementtype": "^2.3.0",
                "domhandler": "^5.0.1"
            }
        },
        "entities": {
            "version": "4.4.0",
            "resolved": "https://registry.npmjs.org/entities/-/entities-4.4.0.tgz",
            "integrity": "sha512-oYp7156SP8LkeGD0GF85ad1X9Ai79WtRsZ2gxJqtBuzH+98YUV6jkHEKlZkMbcrjJjIVJNIDP/3WL9wQkoPbWA=="
        },
        "fs.realpath": {
            "version": "1.0.0",
            "resolved": "https://registry.npmjs.org/fs.realpath/-/fs.realpath-1.0.0.tgz",
            "integrity": "sha512-OO0pH2lK6a0hZnAdau5ItzHPI6pUlvI7jMVnxUQRtw4owF2wk8lOSabtGDCTP4Ggrg2MbGnWO9X8K1t4+fGMDw=="
        },
        "glob": {
            "version": "8.0.3",
            "resolved": "https://registry.npmjs.org/glob/-/glob-8.0.3.tgz",
            "integrity": "sha512-ull455NHSHI/Y1FqGaaYFaLGkNMMJbavMrEGFXG/PGrg6y7sutWHUHrz6gy6WEBH6akM1M414dWKCNs+IhKdiQ==",
            "requires": {
                "fs.realpath": "^1.0.0",
                "inflight": "^1.0.4",
                "inherits": "2",
                "minimatch": "^5.0.1",
                "once": "^1.3.0"
            }
        },
        "he": {
            "version": "1.2.0",
            "resolved": "https://registry.npmjs.org/he/-/he-1.2.0.tgz",
            "integrity": "sha512-F/1DnUGPopORZi0ni+CvrCgHQ5FyEAHRLSApuYWMmrbSwoN2Mn/7k+Gl38gJnR7yyDZk6WLXwiGod1JOWNDKGw=="
        },
        "html-minifier": {
            "version": "4.0.0",
            "resolved": "https://registry.npmjs.org/html-minifier/-/html-minifier-4.0.0.tgz",
            "integrity": "sha512-aoGxanpFPLg7MkIl/DDFYtb0iWz7jMFGqFhvEDZga6/4QTjneiD8I/NXL1x5aaoCp7FSIT6h/OhykDdPsbtMig==",
            "requires": {
                "camel-case": "^3.0.0",
                "clean-css": "^4.2.1",
                "commander": "^2.19.0",
                "he": "^1.2.0",
                "param-case": "^2.1.1",
                "relateurl": "^0.2.7",
                "uglify-js": "^3.5.1"
            },
            "dependencies": {
                "clean-css": {
                    "version": "4.2.4",
                    "resolved": "https://registry.npmjs.org/clean-css/-/clean-css-4.2.4.tgz",
                    "integrity": "sha512-EJUDT7nDVFDvaQgAo2G/PJvxmp1o/c6iXLbswsBbUFXi1Nr+AjA2cKmfbKDMjMvzEe75g3P6JkaDDAKk96A85A==",
                    "requires": {
                        "source-map": "~0.6.0"
                    }
                }
            }
        },
        "inflight": {
            "version": "1.0.6",
            "resolved": "https://registry.npmjs.org/inflight/-/inflight-1.0.6.tgz",
            "integrity": "sha512-k92I/b08q4wvFscXCLvqfsHCrjrF7yiXsQuIVvVE7N82W3+aqpzuUdBbfhWcy/FZR3/4IgflMgKLOsvPDrGCJA==",
            "requires": {
                "once": "^1.3.0",
                "wrappy": "1"
            }
        },
        "inherits": {
            "version": "2.0.4",
            "resolved": "https://registry.npmjs.org/inherits/-/inherits-2.0.4.tgz",
            "integrity": "sha512-k/vGaX4/Yla3WzyMCvTQOXYeIHvqOKtnqBduzTHpzpQZzAskKMhZ2K+EnBiSM9zGSoIFeMpXKxa4dYeZIQqewQ=="
        },
        "lower-case": {
            "version": "1.1.4",
            "resolved": "https://registry.npmjs.org/lower-case/-/lower-case-1.1.4.tgz",
            "integrity": "sha512-2Fgx1Ycm599x+WGpIYwJOvsjmXFzTSc34IwDWALRA/8AopUKAVPwfJ+h5+f85BCp0PWmmJcWzEpxOpoXycMpdA=="
        },
        "minimatch": {
            "version": "5.1.0",
            "resolved": "https://registry.npmjs.org/minimatch/-/minimatch-5.1.0.tgz",
            "integrity": "sha512-9TPBGGak4nHfGZsPBohm9AWg6NoT7QTCehS3BIJABslyZbzxfV78QM2Y6+i741OPZIafFAaiiEMh5OyIrJPgtg==",
            "requires": {
                "brace-expansion": "^2.0.1"
            }
        },
        "no-case": {
            "version": "2.3.2",
            "resolved": "https://registry.npmjs.org/no-case/-/no-case-2.3.2.tgz",
            "integrity": "sha512-rmTZ9kz+f3rCvK2TD1Ue/oZlns7OGoIWP4fc3llxxRXlOkHKoWPPWJOfFYpITabSow43QJbRIoHQXtt10VldyQ==",
            "requires": {
                "lower-case": "^1.1.1"
            }
        },
        "node-html-parser": {
            "version": "6.1.1",
            "resolved": "https://registry.npmjs.org/node-html-parser/-/node-html-parser-6.1.1.tgz",
            "integrity": "sha512-eYYblUeoMg0nR6cYGM4GRb1XncNa9FXEftuKAU1qyMIr6rXVtNyUKduvzZtkqFqSHVByq2lLjC7WO8tz7VDmnA==",
            "requires": {
                "css-select": "^5.1.0",
                "he": "1.2.0"
            }
        },
        "nth-check": {
            "version": "2.1.1",
            "resolved": "https://registry.npmjs.org/nth-check/-/nth-check-2.1.1.tgz",
            "integrity": "sha512-lqjrjmaOoAnWfMmBPL+XNnynZh2+swxiX3WUE0s4yEHI6m+AwrK2UZOimIRl3X/4QctVqS8AiZjFqyOGrMXb/w==",
            "requires": {
                "boolbase": "^1.0.0"
            }
        },
        "once": {
            "version": "1.4.0",
            "resolved": "https://registry.npmjs.org/once/-/once-1.4.0.tgz",
            "integrity": "sha512-lNaJgI+2Q5URQBkccEKHTQOPaXdUxnZZElQTZY0MFUAuaEqe1E+Nyvgdz/aIyNi6Z9MzO5dv1H8n58/GELp3+w==",
            "requires": {
                "wrappy": "1"
            }
        },
        "param-case": {
            "version": "2.1.1",
            "resolved": "https://registry.npmjs.org/param-case/-/param-case-2.1.1.tgz",
            "integrity": "sha512-eQE845L6ot89sk2N8liD8HAuH4ca6Vvr7VWAWwt7+kvvG5aBcPmmphQ68JsEG2qa9n1TykS2DLeMt363AAH8/w==",
            "requires": {
                "no-case": "^2.2.0"
            }
        },
        "relateurl": {
            "version": "0.2.7",
            "resolved": "https://registry.npmjs.org/relateurl/-/relateurl-0.2.7.tgz",
            "integrity": "sha512-G08Dxvm4iDN3MLM0EsP62EDV9IuhXPR6blNz6Utcp7zyV3tr4HVNINt6MpaRWbxoOHT3Q7YN2P+jaHX8vUbgog=="
        },
        "source-map": {
            "version": "0.6.1",
            "resolved": "https://registry.npmjs.org/source-map/-/source-map-0.6.1.tgz",
            "integrity": "sha512-UjgapumWlbMhkBgzT7Ykc5YXUT46F0iKu8SGXq0bcwP5dz/h0Plj6enJqjz1Zbq2l5WaqYnrVbwWOWMyF3F47g=="
        },
        "uglify-js": {
            "version": "3.17.4",
            "resolved": "https://registry.npmjs.org/uglify-js/-/uglify-js-3.17.4.tgz",
            "integrity": "sha512-T9q82TJI9e/C1TAxYvfb16xO120tMVFZrGA3f9/P4424DNu6ypK103y0GPFVa17yotwSyZW5iYXgjYHkGrJW/g=="
        },
        "upper-case": {
            "version": "1.1.3",
            "resolved": "https://registry.npmjs.org/upper-case/-/upper-case-1.1.3.tgz",
            "integrity": "sha512-WRbjgmYzgXkCV7zNVpy5YgrHgbBv126rMALQQMrmzOVC4GM2waQ9x7xtm8VU+1yF2kWyPzI9zbZ48n4vSxwfSA=="
        },
        "wrappy": {
            "version": "1.0.2",
            "resolved": "https://registry.npmjs.org/wrappy/-/wrappy-1.0.2.tgz",
            "integrity": "sha512-l4Sp/DRseor9wL6EvV2+TuQn63dMkPjZ/sp9XkghTEbV9KlPS1xUsZ3u7/IQO4wxtcFB4bgpQPRcR3QCvezPcQ=="
        },
        "yaml": {
            "version": "2.1.3",
            "resolved": "https://registry.npmjs.org/yaml/-/yaml-2.1.3.tgz",
            "integrity": "sha512-AacA8nRULjKMX2DvWvOAdBZMOfQlypSFkjcOcu9FalllIDJ1kvlREzcdIZmidQUqqeMv7jorHjq2HlLv/+c2lg=="
        }
    }
}
